<?xml version="1.0" encoding="utf-8"?>
<Project ToolsVersion="4.0" xmlns="http://schemas.microsoft.com/developer/msbuild/2003">
  <ItemGroup>
    <Filter Include="Source Files">
      <UniqueIdentifier>{4FC737F1-C7A5-4376-A066-2A32D752A2FF}</UniqueIdentifier>
      <Extensions>cpp;c;cc;cxx;c++;cppm;ixx;def;odl;idl;hpj;bat;asm;asmx</Extensions>
    </Filter>
    <Filter Include="Header Files">
      <UniqueIdentifier>{93995380-89BD-4b04-88EB-625FBE52EBFB}</UniqueIdentifier>
      <Extensions>h;hh;hpp;hxx;h++;hm;inl;inc;ipp;xsd</Extensions>
    </Filter>
    <Filter Include="Resource Files">
      <UniqueIdentifier>{67DA6AB6-F800-4c08-8B7A-83BB121AAD01}</UniqueIdentifier>
      <Extensions>rc;ico;cur;bmp;dlg;rc2;rct;bin;rgs;gif;jpg;jpeg;jpe;resx;tiff;tif;png;wav;mfcribbon-ms</Extensions>
    </Filter>
  </ItemGroup>
  <ItemGroup>
    <ClCompile Include="main.cpp">
      <Filter>Source Files</Filter>
    </ClCompile>
    <ClCompile Include="Chess\Board.cpp">
      <Filter>Source Files</Filter>
    </ClCompile>
    <ClCompile Include="Chess\Graphics\TextureManager.cpp">
      <Filter>Source Files</Filter>
    </ClCompile>
    <ClCompile Include="Chess\Positions.cpp">
      <Filter>Source Files</Filter>
    </ClCompile>
    <ClCompile Include="Chess\pos.cpp">
      <Filter>Source Files</Filter>
    </ClCompile>
    <ClCompile Include="Chess\Piece.cpp">
      <Filter>Source Files</Filter>
    </ClCompile>
    <ClCompile Include="Chess\Headers\Enums.cpp">
      <Filter>Source Files</Filter>
    </ClCompile>
    <ClCompile Include="Utils\Timer.cpp">
      <Filter>Source Files</Filter>
    </ClCompile>
    <ClCompile Include="Chess\Game.cpp">
      <Filter>Source Files</Filter>
    </ClCompile>
    <ClCompile Include="Chess\Graphics\BoardRenderer.cpp">
      <Filter>Source Files</Filter>
    </ClCompile>
    <ClCompile Include="Chess\Graphics\GameWindow.cpp">
      <Filter>Source Files</Filter>
    </ClCompile>
    <ClCompile Include="Chess\Headers\Structs.cpp">
      <Filter>Source Files</Filter>
    </ClCompile>
    <ClCompile Include="Agents\RandomAgent.cpp">
      <Filter>Source Files</Filter>
    </ClCompile>
    <ClCompile Include="NN\ReplayBuffer.cpp">
      <Filter>Source Files</Filter>
    </ClCompile>
  </ItemGroup>
  <ItemGroup>
    <ClInclude Include="Chess\Board.h">
      <Filter>Header Files</Filter>
    </ClInclude>
    <ClInclude Include="Chess\Graphics\TextureManager.h">
      <Filter>Header Files</Filter>
    </ClInclude>
    <ClInclude Include="Chess\Positions.h">
      <Filter>Header Files</Filter>
    </ClInclude>
    <ClInclude Include="Chess\pos.h">
      <Filter>Header Files</Filter>
    </ClInclude>
    <ClInclude Include="Chess\Headers\Enums.h">
      <Filter>Header Files</Filter>
    </ClInclude>
    <ClInclude Include="Chess\Piece.h">
      <Filter>Header Files</Filter>
    </ClInclude>
    <ClInclude Include="Utils\Timer.h">
      <Filter>Header Files</Filter>
    </ClInclude>
    <ClInclude Include="Chess\Game.h">
      <Filter>Header Files</Filter>
    </ClInclude>
    <ClInclude Include="Chess\Graphics\BoardRenderer.h">
      <Filter>Header Files</Filter>
    </ClInclude>
    <ClInclude Include="Chess\Graphics\GameWindow.h">
      <Filter>Header Files</Filter>
    </ClInclude>
    <ClInclude Include="Agents\Agent.h">
      <Filter>Header Files</Filter>
    </ClInclude>
    <ClInclude Include="Chess\Headers\Structs.h">
      <Filter>Header Files</Filter>
    </ClInclude>
    <ClInclude Include="Agents\RandomAgent.h">
      <Filter>Header Files</Filter>
    </ClInclude>
    <ClInclude Include="NN\ReplayBuffer.h">
      <Filter>Header Files</Filter>
    </ClInclude>
  </ItemGroup>
  <ItemGroup>
    <Image Include="Chess\Graphics\Textures\blackbishop.png">
      <Filter>Resource Files</Filter>
    </Image>
    <Image Include="Chess\Graphics\Textures\blackking.png">
      <Filter>Resource Files</Filter>
    </Image>
    <Image Include="Chess\Graphics\Textures\blackknight.png">
      <Filter>Resource Files</Filter>
    </Image>
    <Image Include="Chess\Graphics\Textures\blackpawn.png">
      <Filter>Resource Files</Filter>
    </Image>
    <Image Include="Chess\Graphics\Textures\blackqueen.png">
      <Filter>Resource Files</Filter>
    </Image>
    <Image Include="Chess\Graphics\Textures\blackrook.png">
      <Filter>Resource Files</Filter>
    </Image>
    <Image Include="Chess\Graphics\Textures\whitebishop.png">
      <Filter>Resource Files</Filter>
    </Image>
    <Image Include="Chess\Graphics\Textures\whiteking.png">
      <Filter>Resource Files</Filter>
    </Image>
    <Image Include="Chess\Graphics\Textures\whiteknight.png">
      <Filter>Resource Files</Filter>
    </Image>
    <Image Include="Chess\Graphics\Textures\whitepawn.png">
      <Filter>Resource Files</Filter>
    </Image>
    <Image Include="Chess\Graphics\Textures\whitequeen.png">
      <Filter>Resource Files</Filter>
    </Image>
    <Image Include="Chess\Graphics\Textures\whiterook.png">
      <Filter>Resource Files</Filter>
    </Image>
    <Image Include="x64\Debug\Textures\blackbishop.png">
      <Filter>Resource Files</Filter>
    </Image>
    <Image Include="x64\Debug\Textures\blackking.png">
      <Filter>Resource Files</Filter>
    </Image>
    <Image Include="x64\Debug\Textures\blackknight.png">
      <Filter>Resource Files</Filter>
    </Image>
    <Image Include="x64\Debug\Textures\blackpawn.png">
      <Filter>Resource Files</Filter>
    </Image>
    <Image Include="x64\Debug\Textures\blackqueen.png">
      <Filter>Resource Files</Filter>
    </Image>
    <Image Include="x64\Debug\Textures\blackrook.png">
      <Filter>Resource Files</Filter>
    </Image>
    <Image Include="x64\Debug\Textures\whitebishop.png">
      <Filter>Resource Files</Filter>
    </Image>
    <Image Include="x64\Debug\Textures\whiteking.png">
      <Filter>Resource Files</Filter>
    </Image>
    <Image Include="x64\Debug\Textures\whiteknight.png">
      <Filter>Resource Files</Filter>
    </Image>
    <Image Include="x64\Debug\Textures\whitepawn.png">
      <Filter>Resource Files</Filter>
    </Image>
    <Image Include="x64\Debug\Textures\whitequeen.png">
      <Filter>Resource Files</Filter>
    </Image>
    <Image Include="x64\Debug\Textures\whiterook.png">
      <Filter>Resource Files</Filter>
    </Image>
  </ItemGroup>
</Project>